
Microsoft Visual Studio Solution File, Format Version 12.00
# Visual Studio Version 16
VisualStudioVersion = 16.0.31702.278
MinimumVisualStudioVersion = 10.0.40219.1
Project("{FAE04EC0-301F-11D3-BF4B-00C04F79EFBC}") = "EasyService", "EasyService.csproj", "{7E21FE2C-B25A-45A3-9E7A-9026A2E0E6F1}"
EndProject
Global
	GlobalSection(SolutionConfigurationPlatforms) = preSolution
		Debug|Any CPU = Debug|Any CPU
		Release|Any CPU = Release|Any CPU
	EndGlobalSection
	GlobalSection(ProjectConfigurationPlatforms) = postSolution
		{7E21FE2C-B25A-45A3-9E7A-9026A2E0E6F1}.Debug|Any CPU.ActiveCfg = Debug|Any CPU
		{7E21FE2C-B25A-45A3-9E7A-9026A2E0E6F1}.Debug|Any CPU.Build.0 = Debug|Any CPU
		{7E21FE2C-B25A-45A3-9E7A-9026A2E0E6F1}.Release|Any CPU.ActiveCfg = Release|Any CPU
		{7E21FE2C-B25A-45A3-9E7A-9026A2E0E6F1}.Release|Any CPU.Build.0 = Release|Any CPU
	EndGlobalSection
	GlobalSection(SolutionProperties) = preSolution
		HideSolutionNode = FALSE
	EndGlobalSection
	GlobalSection(ExtensibilityGlobals) = postSolution
		SolutionGuid = {2422B878-613A-41CE-B8EF-EF60BC6C0EF7}
	EndGlobalSection
EndGlobal
